// !$*UTF8*$!
{
	archiveVersion = 1;
	classes = {
	};
	objectVersion = 55;
	objects = {

/* Begin PBXBuildFile section */
		53427CD42AB05B8800DB4297 /* manuscoreApp.swift in Sources */ = {isa = PBXBuildFile; fileRef = 53427CD32AB05B8800DB4297 /* manuscoreApp.swift */; };
		53427CD62AB05B8800DB4297 /* ContentView.swift in Sources */ = {isa = PBXBuildFile; fileRef = 53427CD52AB05B8800DB4297 /* ContentView.swift */; };
		53427CD82AB05B8900DB4297 /* Assets.xcassets in Resources */ = {isa = PBXBuildFile; fileRef = 53427CD72AB05B8900DB4297 /* Assets.xcassets */; };
		53427CDB2AB05B8900DB4297 /* Preview Assets.xcassets in Resources */ = {isa = PBXBuildFile; fileRef = 53427CDA2AB05B8900DB4297 /* Preview Assets.xcassets */; };
		53427CE52AB05B8900DB4297 /* manuscoreTests.swift in Sources */ = {isa = PBXBuildFile; fileRef = 53427CE42AB05B8900DB4297 /* manuscoreTests.swift */; };
		53427CEF2AB05B8900DB4297 /* manuscoreUITests.swift in Sources */ = {isa = PBXBuildFile; fileRef = 53427CEE2AB05B8900DB4297 /* manuscoreUITests.swift */; };
		53427CF12AB05B8900DB4297 /* manuscoreUITestsLaunchTests.swift in Sources */ = {isa = PBXBuildFile; fileRef = 53427CF02AB05B8900DB4297 /* manuscoreUITestsLaunchTests.swift */; };
		53427CFE2AB1E85600DB4297 /* CanvasView.swift in Sources */ = {isa = PBXBuildFile; fileRef = 53427CFD2AB1E85600DB4297 /* CanvasView.swift */; };
/* End PBXBuildFile section */

/* Begin PBXContainerItemProxy section */
		53427CE12AB05B8900DB4297 /* PBXContainerItemProxy */ = {
			isa = PBXContainerItemProxy;
			containerPortal = 53427CC82AB05B8800DB4297 /* Project object */;
			proxyType = 1;
			remoteGlobalIDString = 53427CCF2AB05B8800DB4297;
			remoteInfo = manuscore;
		};
		53427CEB2AB05B8900DB4297 /* PBXContainerItemProxy */ = {
			isa = PBXContainerItemProxy;
			containerPortal = 53427CC82AB05B8800DB4297 /* Project object */;
			proxyType = 1;
			remoteGlobalIDString = 53427CCF2AB05B8800DB4297;
			remoteInfo = manuscore;
		};
/* End PBXContainerItemProxy section */

/* Begin PBXFileReference section */
		53427CD02AB05B8800DB4297 /* manuscore.app */ = {isa = PBXFileReference; explicitFileType = wrapper.application; includeInIndex = 0; path = manuscore.app; sourceTree = BUILT_PRODUCTS_DIR; };
		53427CD32AB05B8800DB4297 /* manuscoreApp.swift */ = {isa = PBXFileReference; lastKnownFileType = sourcecode.swift; path = manuscoreApp.swift; sourceTree = "<group>"; };
		53427CD52AB05B8800DB4297 /* ContentView.swift */ = {isa = PBXFileReference; lastKnownFileType = sourcecode.swift; path = ContentView.swift; sourceTree = "<group>"; };
		53427CD72AB05B8900DB4297 /* Assets.xcassets */ = {isa = PBXFileReference; lastKnownFileType = folder.assetcatalog; path = Assets.xcassets; sourceTree = "<group>"; };
		53427CDA2AB05B8900DB4297 /* Preview Assets.xcassets */ = {isa = PBXFileReference; lastKnownFileType = folder.assetcatalog; path = "Preview Assets.xcassets"; sourceTree = "<group>"; };
		53427CE02AB05B8900DB4297 /* manuscoreTests.xctest */ = {isa = PBXFileReference; explicitFileType = wrapper.cfbundle; includeInIndex = 0; path = manuscoreTests.xctest; sourceTree = BUILT_PRODUCTS_DIR; };
		53427CE42AB05B8900DB4297 /* manuscoreTests.swift */ = {isa = PBXFileReference; lastKnownFileType = sourcecode.swift; path = manuscoreTests.swift; sourceTree = "<group>"; };
		53427CEA2AB05B8900DB4297 /* manuscoreUITests.xctest */ = {isa = PBXFileReference; explicitFileType = wrapper.cfbundle; includeInIndex = 0; path = manuscoreUITests.xctest; sourceTree = BUILT_PRODUCTS_DIR; };
		53427CEE2AB05B8900DB4297 /* manuscoreUITests.swift */ = {isa = PBXFileReference; lastKnownFileType = sourcecode.swift; path = manuscoreUITests.swift; sourceTree = "<group>"; };
		53427CF02AB05B8900DB4297 /* manuscoreUITestsLaunchTests.swift */ = {isa = PBXFileReference; lastKnownFileType = sourcecode.swift; path = manuscoreUITestsLaunchTests.swift; sourceTree = "<group>"; };
		53427CFD2AB1E85600DB4297 /* CanvasView.swift */ = {isa = PBXFileReference; lastKnownFileType = sourcecode.swift; path = CanvasView.swift; sourceTree = "<group>"; };
/* End PBXFileReference section */

/* Begin PBXFrameworksBuildPhase section */
		53427CCD2AB05B8800DB4297 /* Frameworks */ = {
			isa = PBXFrameworksBuildPhase;
			buildActionMask = 2147483647;
			files = (
			);
			runOnlyForDeploymentPostprocessing = 0;
		};
		53427CDD2AB05B8900DB4297 /* Frameworks */ = {
			isa = PBXFrameworksBuildPhase;
			buildActionMask = 2147483647;
			files = (
			);
			runOnlyForDeploymentPostprocessing = 0;
		};
		53427CE72AB05B8900DB4297 /* Frameworks */ = {
			isa = PBXFrameworksBuildPhase;
			buildActionMask = 2147483647;
			files = (
			);
			runOnlyForDeploymentPostprocessing = 0;
		};
/* End PBXFrameworksBuildPhase section */

/* Begin PBXGroup section */
		53427CC72AB05B8800DB4297 = {
			isa = PBXGroup;
			children = (
				53427CD22AB05B8800DB4297 /* manuscore */,
				53427CE32AB05B8900DB4297 /* manuscoreTests */,
				53427CED2AB05B8900DB4297 /* manuscoreUITests */,
				53427CD12AB05B8800DB4297 /* Products */,
			);
			sourceTree = "<group>";
		};
		53427CD12AB05B8800DB4297 /* Products */ = {
			isa = PBXGroup;
			children = (
				53427CD02AB05B8800DB4297 /* manuscore.app */,
				53427CE02AB05B8900DB4297 /* manuscoreTests.xctest */,
				53427CEA2AB05B8900DB4297 /* manuscoreUITests.xctest */,
			);
			name = Products;
			sourceTree = "<group>";
		};
		53427CD22AB05B8800DB4297 /* manuscore */ = {
			isa = PBXGroup;
			children = (
				53427CD32AB05B8800DB4297 /* manuscoreApp.swift */,
				53427CD52AB05B8800DB4297 /* ContentView.swift */,
				53427CFD2AB1E85600DB4297 /* CanvasView.swift */,
				53427CD72AB05B8900DB4297 /* Assets.xcassets */,
				53427CD92AB05B8900DB4297 /* Preview Content */,
			);
			path = manuscore;
			sourceTree = "<group>";
		};
		53427CD92AB05B8900DB4297 /* Preview Content */ = {
			isa = PBXGroup;
			children = (
				53427CDA2AB05B8900DB4297 /* Preview Assets.xcassets */,
			);
			path = "Preview Content";
			sourceTree = "<group>";
		};
		53427CE32AB05B8900DB4297 /* manuscoreTests */ = {
			isa = PBXGroup;
			children = (
				53427CE42AB05B8900DB4297 /* manuscoreTests.swift */,
			);
			path = manuscoreTests;
			sourceTree = "<group>";
		};
		53427CED2AB05B8900DB4297 /* manuscoreUITests */ = {
			isa = PBXGroup;
			children = (
				53427CEE2AB05B8900DB4297 /* manuscoreUITests.swift */,
				53427CF02AB05B8900DB4297 /* manuscoreUITestsLaunchTests.swift */,
			);
			path = manuscoreUITests;
			sourceTree = "<group>";
		};
/* End PBXGroup section */

/* Begin PBXNativeTarget section */
		53427CCF2AB05B8800DB4297 /* manuscore */ = {
			isa = PBXNativeTarget;
			buildConfigurationList = 53427CF42AB05B8900DB4297 /* Build configuration list for PBXNativeTarget "manuscore" */;
			buildPhases = (
				53427CCC2AB05B8800DB4297 /* Sources */,
				53427CCD2AB05B8800DB4297 /* Frameworks */,
				53427CCE2AB05B8800DB4297 /* Resources */,
			);
			buildRules = (
			);
			dependencies = (
			);
			name = manuscore;
			productName = manuscore;
			productReference = 53427CD02AB05B8800DB4297 /* manuscore.app */;
			productType = "com.apple.product-type.application";
		};
		53427CDF2AB05B8900DB4297 /* manuscoreTests */ = {
			isa = PBXNativeTarget;
			buildConfigurationList = 53427CF72AB05B8900DB4297 /* Build configuration list for PBXNativeTarget "manuscoreTests" */;
			buildPhases = (
				53427CDC2AB05B8900DB4297 /* Sources */,
				53427CDD2AB05B8900DB4297 /* Frameworks */,
				53427CDE2AB05B8900DB4297 /* Resources */,
			);
			buildRules = (
			);
			dependencies = (
				53427CE22AB05B8900DB4297 /* PBXTargetDependency */,
			);
			name = manuscoreTests;
			productName = manuscoreTests;
			productReference = 53427CE02AB05B8900DB4297 /* manuscoreTests.xctest */;
			productType = "com.apple.product-type.bundle.unit-test";
		};
		53427CE92AB05B8900DB4297 /* manuscoreUITests */ = {
			isa = PBXNativeTarget;
			buildConfigurationList = 53427CFA2AB05B8900DB4297 /* Build configuration list for PBXNativeTarget "manuscoreUITests" */;
			buildPhases = (
				53427CE62AB05B8900DB4297 /* Sources */,
				53427CE72AB05B8900DB4297 /* Frameworks */,
				53427CE82AB05B8900DB4297 /* Resources */,
			);
			buildRules = (
			);
			dependencies = (
				53427CEC2AB05B8900DB4297 /* PBXTargetDependency */,
			);
			name = manuscoreUITests;
			productName = manuscoreUITests;
			productReference = 53427CEA2AB05B8900DB4297 /* manuscoreUITests.xctest */;
			productType = "com.apple.product-type.bundle.ui-testing";
		};
/* End PBXNativeTarget section */

/* Begin PBXProject section */
		53427CC82AB05B8800DB4297 /* Project object */ = {
			isa = PBXProject;
			attributes = {
				BuildIndependentTargetsInParallel = 1;
				LastSwiftUpdateCheck = 1330;
				LastUpgradeCheck = 1330;
				TargetAttributes = {
					53427CCF2AB05B8800DB4297 = {
						CreatedOnToolsVersion = 13.3.1;
					};
					53427CDF2AB05B8900DB4297 = {
						CreatedOnToolsVersion = 13.3.1;
						TestTargetID = 53427CCF2AB05B8800DB4297;
					};
					53427CE92AB05B8900DB4297 = {
						CreatedOnToolsVersion = 13.3.1;
						TestTargetID = 53427CCF2AB05B8800DB4297;
					};
				};
			};
			buildConfigurationList = 53427CCB2AB05B8800DB4297 /* Build configuration list for PBXProject "manuscore" */;
			compatibilityVersion = "Xcode 13.0";
			developmentRegion = en;
			hasScannedForEncodings = 0;
			knownRegions = (
				en,
				Base,
			);
			mainGroup = 53427CC72AB05B8800DB4297;
			productRefGroup = 53427CD12AB05B8800DB4297 /* Products */;
			projectDirPath = "";
			projectRoot = "";
			targets = (
				53427CCF2AB05B8800DB4297 /* manuscore */,
				53427CDF2AB05B8900DB4297 /* manuscoreTests */,
				53427CE92AB05B8900DB4297 /* manuscoreUITests */,
			);
		};
/* End PBXProject section */

/* Begin PBXResourcesBuildPhase section */
		53427CCE2AB05B8800DB4297 /* Resources */ = {
			isa = PBXResourcesBuildPhase;
			buildActionMask = 2147483647;
			files = (
				53427CDB2AB05B8900DB4297 /* Preview Assets.xcassets in Resources */,
				53427CD82AB05B8900DB4297 /* Assets.xcassets in Resources */,
			);
			runOnlyForDeploymentPostprocessing = 0;
		};
		53427CDE2AB05B8900DB4297 /* Resources */ = {
			isa = PBXResourcesBuildPhase;
			buildActionMask = 2147483647;
			files = (
			);
			runOnlyForDeploymentPostprocessing = 0;
		};
		53427CE82AB05B8900DB4297 /* Resources */ = {
			isa = PBXResourcesBuildPhase;
			buildActionMask = 2147483647;
			files = (
			);
			runOnlyForDeploymentPostprocessing = 0;
		};
/* End PBXResourcesBuildPhase section */

/* Begin PBXSourcesBuildPhase section */
		53427CCC2AB05B8800DB4297 /* Sources */ = {
			isa = PBXSourcesBuildPhase;
			buildActionMask = 2147483647;
			files = (
				53427CD62AB05B8800DB4297 /* ContentView.swift in Sources */,
				53427CD42AB05B8800DB4297 /* manuscoreApp.swift in Sources */,
				53427CFE2AB1E85600DB4297 /* CanvasView.swift in Sources */,
			);
			runOnlyForDeploymentPostprocessing = 0;
		};
		53427CDC2AB05B8900DB4297 /* Sources */ = {
			isa = PBXSourcesBuildPhase;
			buildActionMask = 2147483647;
			files = (
				53427CE52AB05B8900DB4297 /* manuscoreTests.swift in Sources */,
			);
			runOnlyForDeploymentPostprocessing = 0;
		};
		53427CE62AB05B8900DB4297 /* Sources */ = {
			isa = PBXSourcesBuildPhase;
			buildActionMask = 2147483647;
			files = (
				53427CF12AB05B8900DB4297 /* manuscoreUITestsLaunchTests.swift in Sources */,
				53427CEF2AB05B8900DB4297 /* manuscoreUITests.swift in Sources */,
			);
			runOnlyForDeploymentPostprocessing = 0;
		};
/* End PBXSourcesBuildPhase section */

/* Begin PBXTargetDependency section */
		53427CE22AB05B8900DB4297 /* PBXTargetDependency */ = {
			isa = PBXTargetDependency;
			target = 53427CCF2AB05B8800DB4297 /* manuscore */;
			targetProxy = 53427CE12AB05B8900DB4297 /* PBXContainerItemProxy */;
		};
		53427CEC2AB05B8900DB4297 /* PBXTargetDependency */ = {
			isa = PBXTargetDependency;
			target = 53427CCF2AB05B8800DB4297 /* manuscore */;
			targetProxy = 53427CEB2AB05B8900DB4297 /* PBXContainerItemProxy */;
		};
/* End PBXTargetDependency section */

/* Begin XCBuildConfiguration section */
		53427CF22AB05B8900DB4297 /* Debug */ = {
			isa = XCBuildConfiguration;
			buildSettings = {
				ALWAYS_SEARCH_USER_PATHS = NO;
				CLANG_ANALYZER_NONNULL = YES;
				CLANG_ANALYZER_NUMBER_OBJECT_CONVERSION = YES_AGGRESSIVE;
				CLANG_CXX_LANGUAGE_STANDARD = "gnu++17";
				CLANG_ENABLE_MODULES = YES;
				CLANG_ENABLE_OBJC_ARC = YES;
				CLANG_ENABLE_OBJC_WEAK = YES;
				CLANG_WARN_BLOCK_CAPTURE_AUTORELEASING = YES;
				CLANG_WARN_BOOL_CONVERSION = YES;
				CLANG_WARN_COMMA = YES;
				CLANG_WARN_CONSTANT_CONVERSION = YES;
				CLANG_WARN_DEPRECATED_OBJC_IMPLEMENTATIONS = YES;
				CLANG_WARN_DIRECT_OBJC_ISA_USAGE = YES_ERROR;
				CLANG_WARN_DOCUMENTATION_COMMENTS = YES;
				CLANG_WARN_EMPTY_BODY = YES;
				CLANG_WARN_ENUM_CONVERSION = YES;
				CLANG_WARN_INFINITE_RECURSION = YES;
				CLANG_WARN_INT_CONVERSION = YES;
				CLANG_WARN_NON_LITERAL_NULL_CONVERSION = YES;
				CLANG_WARN_OBJC_IMPLICIT_RETAIN_SELF = YES;
				CLANG_WARN_OBJC_LITERAL_CONVERSION = YES;
				CLANG_WARN_OBJC_ROOT_CLASS = YES_ERROR;
				CLANG_WARN_QUOTED_INCLUDE_IN_FRAMEWORK_HEADER = YES;
				CLANG_WARN_RANGE_LOOP_ANALYSIS = YES;
				CLANG_WARN_STRICT_PROTOTYPES = YES;
				CLANG_WARN_SUSPICIOUS_MOVE = YES;
				CLANG_WARN_UNGUARDED_AVAILABILITY = YES_AGGRESSIVE;
				CLANG_WARN_UNREACHABLE_CODE = YES;
				CLANG_WARN__DUPLICATE_METHOD_MATCH = YES;
				COPY_PHASE_STRIP = NO;
				DEBUG_INFORMATION_FORMAT = dwarf;
				ENABLE_STRICT_OBJC_MSGSEND = YES;
				ENABLE_TESTABILITY = YES;
				GCC_C_LANGUAGE_STANDARD = gnu11;
				GCC_DYNAMIC_NO_PIC = NO;
				GCC_NO_COMMON_BLOCKS = YES;
				GCC_OPTIMIZATION_LEVEL = 0;
				GCC_PREPROCESSOR_DEFINITIONS = (
					"DEBUG=1",
					"$(inherited)",
				);
				GCC_WARN_64_TO_32_BIT_CONVERSION = YES;
				GCC_WARN_ABOUT_RETURN_TYPE = YES_ERROR;
				GCC_WARN_UNDECLARED_SELECTOR = YES;
				GCC_WARN_UNINITIALIZED_AUTOS = YES_AGGRESSIVE;
				GCC_WARN_UNUSED_FUNCTION = YES;
				GCC_WARN_UNUSED_VARIABLE = YES;
				IPHONEOS_DEPLOYMENT_TARGET = 15.4;
				MTL_ENABLE_DEBUG_INFO = INCLUDE_SOURCE;
				MTL_FAST_MATH = YES;
				ONLY_ACTIVE_ARCH = YES;
				SDKROOT = iphoneos;
				SWIFT_ACTIVE_COMPILATION_CONDITIONS = DEBUG;
				SWIFT_OPTIMIZATION_LEVEL = "-Onone";
			};
			name = Debug;
		};
		53427CF32AB05B8900DB4297 /* Release */ = {
			isa = XCBuildConfiguration;
			buildSettings = {
				ALWAYS_SEARCH_USER_PATHS = NO;
				CLANG_ANALYZER_NONNULL = YES;
				CLANG_ANALYZER_NUMBER_OBJECT_CONVERSION = YES_AGGRESSIVE;
				CLANG_CXX_LANGUAGE_STANDARD = "gnu++17";
				CLANG_ENABLE_MODULES = YES;
				CLANG_ENABLE_OBJC_ARC = YES;
				CLANG_ENABLE_OBJC_WEAK = YES;
				CLANG_WARN_BLOCK_CAPTURE_AUTORELEASING = YES;
				CLANG_WARN_BOOL_CONVERSION = YES;
				CLANG_WARN_COMMA = YES;
				CLANG_WARN_CONSTANT_CONVERSION = YES;
				CLANG_WARN_DEPRECATED_OBJC_IMPLEMENTATIONS = YES;
				CLANG_WARN_DIRECT_OBJC_ISA_USAGE = YES_ERROR;
				CLANG_WARN_DOCUMENTATION_COMMENTS = YES;
				CLANG_WARN_EMPTY_BODY = YES;
				CLANG_WARN_ENUM_CONVERSION = YES;
				CLANG_WARN_INFINITE_RECURSION = YES;
				CLANG_WARN_INT_CONVERSION = YES;
				CLANG_WARN_NON_LITERAL_NULL_CONVERSION = YES;
				CLANG_WARN_OBJC_IMPLICIT_RETAIN_SELF = YES;
				CLANG_WARN_OBJC_LITERAL_CONVERSION = YES;
				CLANG_WARN_OBJC_ROOT_CLASS = YES_ERROR;
				CLANG_WARN_QUOTED_INCLUDE_IN_FRAMEWORK_HEADER = YES;
				CLANG_WARN_RANGE_LOOP_ANALYSIS = YES;
				CLANG_WARN_STRICT_PROTOTYPES = YES;
				CLANG_WARN_SUSPICIOUS_MOVE = YES;
				CLANG_WARN_UNGUARDED_AVAILABILITY = YES_AGGRESSIVE;
				CLANG_WARN_UNREACHABLE_CODE = YES;
				CLANG_WARN__DUPLICATE_METHOD_MATCH = YES;
				COPY_PHASE_STRIP = NO;
				DEBUG_INFORMATION_FORMAT = "dwarf-with-dsym";
				ENABLE_NS_ASSERTIONS = NO;
				ENABLE_STRICT_OBJC_MSGSEND = YES;
				GCC_C_LANGUAGE_STANDARD = gnu11;
				GCC_NO_COMMON_BLOCKS = YES;
				GCC_WARN_64_TO_32_BIT_CONVERSION = YES;
				GCC_WARN_ABOUT_RETURN_TYPE = YES_ERROR;
				GCC_WARN_UNDECLARED_SELECTOR = YES;
				GCC_WARN_UNINITIALIZED_AUTOS = YES_AGGRESSIVE;
				GCC_WARN_UNUSED_FUNCTION = YES;
				GCC_WARN_UNUSED_VARIABLE = YES;
				IPHONEOS_DEPLOYMENT_TARGET = 15.4;
				MTL_ENABLE_DEBUG_INFO = NO;
				MTL_FAST_MATH = YES;
				SDKROOT = iphoneos;
				SWIFT_COMPILATION_MODE = wholemodule;
				SWIFT_OPTIMIZATION_LEVEL = "-O";
				VALIDATE_PRODUCT = YES;
			};
			name = Release;
		};
		53427CF52AB05B8900DB4297 /* Debug */ = {
			isa = XCBuildConfiguration;
			buildSettings = {
				ASSETCATALOG_COMPILER_APPICON_NAME = AppIcon;
				ASSETCATALOG_COMPILER_GLOBAL_ACCENT_COLOR_NAME = AccentColor;
				CODE_SIGN_STYLE = Automatic;
				CURRENT_PROJECT_VERSION = 1;
				DEVELOPMENT_ASSET_PATHS = "\"manuscore/Preview Content\"";
				DEVELOPMENT_TEAM = 7WKY57FXHY;
				ENABLE_PREVIEWS = YES;
				GENERATE_INFOPLIST_FILE = YES;
				INFOPLIST_KEY_UIApplicationSceneManifest_Generation = YES;
				INFOPLIST_KEY_UIApplicationSupportsIndirectInputEvents = YES;
				INFOPLIST_KEY_UILaunchScreen_Generation = YES;
				INFOPLIST_KEY_UISupportedInterfaceOrientations_iPad = "UIInterfaceOrientationPortrait UIInterfaceOrientationPortraitUpsideDown UIInterfaceOrientationLandscapeLeft UIInterfaceOrientationLandscapeRight";
				INFOPLIST_KEY_UISupportedInterfaceOrientations_iPhone = "UIInterfaceOrientationPortrait UIInterfaceOrientationLandscapeLeft UIInterfaceOrientationLandscapeRight";
				LD_RUNPATH_SEARCH_PATHS = (
					"$(inherited)",
					"@executable_path/Frameworks",
				);
				MARKETING_VERSION = 1.0;
				PRODUCT_BUNDLE_IDENTIFIER = arstdy.manuscore;
				PRODUCT_NAME = "$(TARGET_NAME)";
				SWIFT_EMIT_LOC_STRINGS = YES;
				SWIFT_VERSION = 5.0;
				TARGETED_DEVICE_FAMILY = "1,2";
			};
			name = Debug;
		};
		53427CF62AB05B8900DB4297 /* Release */ = {
			isa = XCBuildConfiguration;
			buildSettings = {
				ASSETCATALOG_COMPILER_APPICON_NAME = AppIcon;
				ASSETCATALOG_COMPILER_GLOBAL_ACCENT_COLOR_NAME = AccentColor;
				CODE_SIGN_STYLE = Automatic;
				CURRENT_PROJECT_VERSION = 1;
				DEVELOPMENT_ASSET_PATHS = "\"manuscore/Preview Content\"";
				DEVELOPMENT_TEAM = 7WKY57FXHY;
				ENABLE_PREVIEWS = YES;
				GENERATE_INFOPLIST_FILE = YES;
				INFOPLIST_KEY_UIApplicationSceneManifest_Generation = YES;
				INFOPLIST_KEY_UIApplicationSupportsIndirectInputEvents = YES;
				INFOPLIST_KEY_UILaunchScreen_Generation = YES;
				INFOPLIST_KEY_UISupportedInterfaceOrientations_iPad = "UIInterfaceOrientationPortrait UIInterfaceOrientationPortraitUpsideDown UIInterfaceOrientationLandscapeLeft UIInterfaceOrientationLandscapeRight";
				INFOPLIST_KEY_UISupportedInterfaceOrientations_iPhone = "UIInterfaceOrientationPortrait UIInterfaceOrientationLandscapeLeft UIInterfaceOrientationLandscapeRight";
				LD_RUNPATH_SEARCH_PATHS = (
					"$(inherited)",
					"@executable_path/Frameworks",
				);
				MARKETING_VERSION = 1.0;
				PRODUCT_BUNDLE_IDENTIFIER = arstdy.manuscore;
				PRODUCT_NAME = "$(TARGET_NAME)";
				SWIFT_EMIT_LOC_STRINGS = YES;
				SWIFT_VERSION = 5.0;
				TARGETED_DEVICE_FAMILY = "1,2";
			};
			name = Release;
		};
		53427CF82AB05B8900DB4297 /* Debug */ = {
			isa = XCBuildConfiguration;
			buildSettings = {
				ALWAYS_EMBED_SWIFT_STANDARD_LIBRARIES = YES;
				BUNDLE_LOADER = "$(TEST_HOST)";
				CODE_SIGN_STYLE = Automatic;
				CURRENT_PROJECT_VERSION = 1;
				DEVELOPMENT_TEAM = 7WKY57FXHY;
				GENERATE_INFOPLIST_FILE = YES;
				IPHONEOS_DEPLOYMENT_TARGET = 15.4;
				MARKETING_VERSION = 1.0;
				PRODUCT_BUNDLE_IDENTIFIER = arstdy.manuscoreTests;
				PRODUCT_NAME = "$(TARGET_NAME)";
				SWIFT_EMIT_LOC_STRINGS = NO;
				SWIFT_VERSION = 5.0;
				TARGETED_DEVICE_FAMILY = "1,2";
				TEST_HOST = "$(BUILT_PRODUCTS_DIR)/manuscore.app/manuscore";
			};
			name = Debug;
		};
		53427CF92AB05B8900DB4297 /* Release */ = {
			isa = XCBuildConfiguration;
			buildSettings = {
				ALWAYS_EMBED_SWIFT_STANDARD_LIBRARIES = YES;
				BUNDLE_LOADER = "$(TEST_HOST)";
				CODE_SIGN_STYLE = Automatic;
				CURRENT_PROJECT_VERSION = 1;
				DEVELOPMENT_TEAM = 7WKY57FXHY;
				GENERATE_INFOPLIST_FILE = YES;
				IPHONEOS_DEPLOYMENT_TARGET = 15.4;
				MARKETING_VERSION = 1.0;
				PRODUCT_BUNDLE_IDENTIFIER = arstdy.manuscoreTests;
				PRODUCT_NAME = "$(TARGET_NAME)";
				SWIFT_EMIT_LOC_STRINGS = NO;
				SWIFT_VERSION = 5.0;
				TARGETED_DEVICE_FAMILY = "1,2";
				TEST_HOST = "$(BUILT_PRODUCTS_DIR)/manuscore.app/manuscore";
			};
			name = Release;
		};
		53427CFB2AB05B8900DB4297 /* Debug */ = {
			isa = XCBuildConfiguration;
			buildSettings = {
				ALWAYS_EMBED_SWIFT_STANDARD_LIBRARIES = YES;
				CODE_SIGN_STYLE = Automatic;
				CURRENT_PROJECT_VERSION = 1;
				DEVELOPMENT_TEAM = 7WKY57FXHY;
				GENERATE_INFOPLIST_FILE = YES;
				MARKETING_VERSION = 1.0;
				PRODUCT_BUNDLE_IDENTIFIER = arstdy.manuscoreUITests;
				PRODUCT_NAME = "$(TARGET_NAME)";
				SWIFT_EMIT_LOC_STRINGS = NO;
				SWIFT_VERSION = 5.0;
				TARGETED_DEVICE_FAMILY = "1,2";
				TEST_TARGET_NAME = manuscore;
			};
			name = Debug;
		};
		53427CFC2AB05B8900DB4297 /* Release */ = {
			isa = XCBuildConfiguration;
			buildSettings = {
				ALWAYS_EMBED_SWIFT_STANDARD_LIBRARIES = YES;
				CODE_SIGN_STYLE = Automatic;
				CURRENT_PROJECT_VERSION = 1;
				DEVELOPMENT_TEAM = 7WKY57FXHY;
				GENERATE_INFOPLIST_FILE = YES;
				MARKETING_VERSION = 1.0;
				PRODUCT_BUNDLE_IDENTIFIER = arstdy.manuscoreUITests;
				PRODUCT_NAME = "$(TARGET_NAME)";
				SWIFT_EMIT_LOC_STRINGS = NO;
				SWIFT_VERSION = 5.0;
				TARGETED_DEVICE_FAMILY = "1,2";
				TEST_TARGET_NAME = manuscore;
			};
			name = Release;
		};
/* End XCBuildConfiguration section */

/* Begin XCConfigurationList section */
		53427CCB2AB05B8800DB4297 /* Build configuration list for PBXProject "manuscore" */ = {
			isa = XCConfigurationList;
			buildConfigurations = (
				53427CF22AB05B8900DB4297 /* Debug */,
				53427CF32AB05B8900DB4297 /* Release */,
			);
			defaultConfigurationIsVisible = 0;
			defaultConfigurationName = Release;
		};
		53427CF42AB05B8900DB4297 /* Build configuration list for PBXNativeTarget "manuscore" */ = {
			isa = XCConfigurationList;
			buildConfigurations = (
				53427CF52AB05B8900DB4297 /* Debug */,
				53427CF62AB05B8900DB4297 /* Release */,
			);
			defaultConfigurationIsVisible = 0;
			defaultConfigurationName = Release;
		};
		53427CF72AB05B8900DB4297 /* Build configuration list for PBXNativeTarget "manuscoreTests" */ = {
			isa = XCConfigurationList;
			buildConfigurations = (
				53427CF82AB05B8900DB4297 /* Debug */,
				53427CF92AB05B8900DB4297 /* Release */,
			);
			defaultConfigurationIsVisible = 0;
			defaultConfigurationName = Release;
		};
		53427CFA2AB05B8900DB4297 /* Build configuration list for PBXNativeTarget "manuscoreUITests" */ = {
			isa = XCConfigurationList;
			buildConfigurations = (
				53427CFB2AB05B8900DB4297 /* Debug */,
				53427CFC2AB05B8900DB4297 /* Release */,
			);
			defaultConfigurationIsVisible = 0;
			defaultConfigurationName = Release;
		};
/* End XCConfigurationList section */
	};
	rootObject = 53427CC82AB05B8800DB4297 /* Project object */;
}
